
Microsoft Visual Studio Solution File, Format Version 12.00
# Visual Studio Version 17
VisualStudioVersion = 17.14.36915.13
MinimumVisualStudioVersion = 10.0.40219.1
Project("{2150E333-8FDC-42A3-9474-1A3956D46DE8}") = "BuildingBlocks", "BuildingBlocks", "{02EA681E-C7D8-13C7-8484-4AC65E1B71E8}"
EndProject
Project("{2150E333-8FDC-42A3-9474-1A3956D46DE8}") = "SharedKernel", "SharedKernel", "{775F4A83-8B78-43F8-A240-404879919DA8}"
EndProject
Project("{2150E333-8FDC-42A3-9474-1A3956D46DE8}") = "EventBus", "EventBus", "{78A2683C-9F19-4238-97AA-12588F7D6CE7}"
EndProject
Project("{2150E333-8FDC-42A3-9474-1A3956D46DE8}") = "Security", "Security", "{B715DF09-48EE-496A-AF4D-BA83008C12F2}"
EndProject
Project("{2150E333-8FDC-42A3-9474-1A3956D46DE8}") = "Observability", "Observability", "{6F8CC834-9A69-4069-9114-49BEC95A0094}"
EndProject
Project("{2150E333-8FDC-42A3-9474-1A3956D46DE8}") = "Services", "Services", "{243558EB-F743-4AEC-B824-8B6CC47A9C0B}"
EndProject
Project("{2150E333-8FDC-42A3-9474-1A3956D46DE8}") = "MasterData", "MasterData", "{409289E0-CDDD-49C8-A214-9B629D678161}"
EndProject
Project("{2150E333-8FDC-42A3-9474-1A3956D46DE8}") = "Projects", "Projects", "{F22C77E9-01E0-474A-A85A-6278DAABA8F4}"
EndProject
Project("{2150E333-8FDC-42A3-9474-1A3956D46DE8}") = "Procurement", "Procurement", "{4A1FC530-D49B-453F-A98E-A5F7A971131E}"
EndProject
Project("{2150E333-8FDC-42A3-9474-1A3956D46DE8}") = "Inventory", "Inventory", "{D406C987-BDF6-4C83-BC54-057FF8E771A1}"
EndProject
Project("{2150E333-8FDC-42A3-9474-1A3956D46DE8}") = "Finance", "Finance", "{15722AC9-3B47-4291-A9C8-3AB0EEFBF746}"
EndProject
Project("{2150E333-8FDC-42A3-9474-1A3956D46DE8}") = "Contracts", "Contracts", "{C32420AB-B927-4CAD-9325-6CBED41FF1E9}"
EndProject
Project("{2150E333-8FDC-42A3-9474-1A3956D46DE8}") = "Equipment", "Equipment", "{402AD7B7-C4BE-4BEE-9C6E-EE71A9262A11}"
EndProject
Project("{2150E333-8FDC-42A3-9474-1A3956D46DE8}") = "HR", "HR", "{239425DE-9BCA-4575-B1C4-A3AB7941CC88}"
EndProject
Project("{FAE04EC0-301F-11D3-BF4B-00C04F79EFBC}") = "BuildMaster.SharedKernel", "BuildMaster.SharedKernel\BuildMaster.SharedKernel.csproj", "{C50187A3-6F3B-427F-89E1-7B2C4E2B484B}"
EndProject
Project("{FAE04EC0-301F-11D3-BF4B-00C04F79EFBC}") = "BuildMaster.EventBus", "BuildMaster.EventBus\BuildMaster.EventBus.csproj", "{2AEC5E76-0CB2-46BF-AB85-97175CE0302B}"
EndProject
Project("{FAE04EC0-301F-11D3-BF4B-00C04F79EFBC}") = "BuildMaster.Security", "BuildMaster.Security\BuildMaster.Security.csproj", "{1728E652-78B4-40EB-AE5F-27A006897ED9}"
EndProject
Project("{FAE04EC0-301F-11D3-BF4B-00C04F79EFBC}") = "BuildMaster.Observability", "BuildMaster.Observability\BuildMaster.Observability.csproj", "{2A85305F-ECFD-48E5-8109-3E0D96408DF4}"
EndProject
Project("{2150E333-8FDC-42A3-9474-1A3956D46DE8}") = "Identity", "Identity", "{BAAC4404-B91F-4FDA-85BD-E17E16C6E8B4}"
EndProject
Project("{2150E333-8FDC-42A3-9474-1A3956D46DE8}") = "API", "API", "{0A17E299-DCCB-401A-B151-AE42A132249C}"
EndProject
Project("{2150E333-8FDC-42A3-9474-1A3956D46DE8}") = "Application", "Application", "{B5AE3FBC-7794-42AE-B607-C664F1D749AD}"
EndProject
Project("{2150E333-8FDC-42A3-9474-1A3956D46DE8}") = "Domain", "Domain", "{F4BD0057-F86D-4047-9F40-30BCFEA8018E}"
EndProject
Project("{2150E333-8FDC-42A3-9474-1A3956D46DE8}") = "Infrastructure", "Infrastructure", "{4E9E517F-8452-4DCD-9A37-E95A1017DDBC}"
EndProject
Project("{2150E333-8FDC-42A3-9474-1A3956D46DE8}") = "Contracts", "Contracts", "{C696DE79-AD2E-44CB-9507-A502DF96B1F7}"
EndProject
Project("{FAE04EC0-301F-11D3-BF4B-00C04F79EFBC}") = "BuildMaster.Identity.API", "BuildMaster.Identity.API\BuildMaster.Identity.API.csproj", "{23D238D6-DE31-4EAC-AE3F-513A1DCA8721}"
EndProject
Project("{FAE04EC0-301F-11D3-BF4B-00C04F79EFBC}") = "BuildMaster.Identity.Application", "BuildMaster.Identity.Application\BuildMaster.Identity.Application.csproj", "{B875EAA7-E0E8-4021-BD1F-D1175ECDB9B9}"
EndProject
Project("{FAE04EC0-301F-11D3-BF4B-00C04F79EFBC}") = "BuildMaster.Identity.Contracts", "BuildMaster.Identity.Contracts\BuildMaster.Identity.Contracts.csproj", "{750C2434-6B66-42F1-8A74-BB500AB94C50}"
EndProject
Project("{FAE04EC0-301F-11D3-BF4B-00C04F79EFBC}") = "BuildMaster.Identity.Domain", "BuildMaster.Identity.Domain\BuildMaster.Identity.Domain.csproj", "{0A8DD7A0-3071-4673-824D-52CF2E8B348D}"
EndProject
Project("{FAE04EC0-301F-11D3-BF4B-00C04F79EFBC}") = "BuildMaster.Identity.Infrastructure", "BuildMaster.Identity.Infrastructure\BuildMaster.Identity.Infrastructure.csproj", "{4DBE30AD-836A-43BE-998B-430545424803}"
EndProject
Project("{2150E333-8FDC-42A3-9474-1A3956D46DE8}") = "Gateway", "Gateway", "{B53FF10A-2B98-4CC7-98ED-3F6519BAC97F}"
EndProject
Project("{FAE04EC0-301F-11D3-BF4B-00C04F79EFBC}") = "BuildMaster.Gateway", "BuildMaster.Gateway\BuildMaster.Gateway.csproj", "{0C531632-DA29-4D85-B4AA-A66AB0D44620}"
EndProject
Project("{2150E333-8FDC-42A3-9474-1A3956D46DE8}") = "Solution Items", "Solution Items", "{8EC462FD-D22E-90A8-E5CE-7E832BA40C5D}"
	ProjectSection(SolutionItems) = preProject
		docker-compose.yaml = docker-compose.yaml
	EndProjectSection
EndProject
Global
	GlobalSection(SolutionConfigurationPlatforms) = preSolution
		Debug|Any CPU = Debug|Any CPU
		Release|Any CPU = Release|Any CPU
	EndGlobalSection
	GlobalSection(ProjectConfigurationPlatforms) = postSolution
		{C50187A3-6F3B-427F-89E1-7B2C4E2B484B}.Debug|Any CPU.ActiveCfg = Debug|Any CPU
		{C50187A3-6F3B-427F-89E1-7B2C4E2B484B}.Debug|Any CPU.Build.0 = Debug|Any CPU
		{C50187A3-6F3B-427F-89E1-7B2C4E2B484B}.Release|Any CPU.ActiveCfg = Release|Any CPU
		{C50187A3-6F3B-427F-89E1-7B2C4E2B484B}.Release|Any CPU.Build.0 = Release|Any CPU
		{2AEC5E76-0CB2-46BF-AB85-97175CE0302B}.Debug|Any CPU.ActiveCfg = Debug|Any CPU
		{2AEC5E76-0CB2-46BF-AB85-97175CE0302B}.Debug|Any CPU.Build.0 = Debug|Any CPU
		{2AEC5E76-0CB2-46BF-AB85-97175CE0302B}.Release|Any CPU.ActiveCfg = Release|Any CPU
		{2AEC5E76-0CB2-46BF-AB85-97175CE0302B}.Release|Any CPU.Build.0 = Release|Any CPU
		{1728E652-78B4-40EB-AE5F-27A006897ED9}.Debug|Any CPU.ActiveCfg = Debug|Any CPU
		{1728E652-78B4-40EB-AE5F-27A006897ED9}.Debug|Any CPU.Build.0 = Debug|Any CPU
		{1728E652-78B4-40EB-AE5F-27A006897ED9}.Release|Any CPU.ActiveCfg = Release|Any CPU
		{1728E652-78B4-40EB-AE5F-27A006897ED9}.Release|Any CPU.Build.0 = Release|Any CPU
		{2A85305F-ECFD-48E5-8109-3E0D96408DF4}.Debug|Any CPU.ActiveCfg = Debug|Any CPU
		{2A85305F-ECFD-48E5-8109-3E0D96408DF4}.Debug|Any CPU.Build.0 = Debug|Any CPU
		{2A85305F-ECFD-48E5-8109-3E0D96408DF4}.Release|Any CPU.ActiveCfg = Release|Any CPU
		{2A85305F-ECFD-48E5-8109-3E0D96408DF4}.Release|Any CPU.Build.0 = Release|Any CPU
		{23D238D6-DE31-4EAC-AE3F-513A1DCA8721}.Debug|Any CPU.ActiveCfg = Debug|Any CPU
		{23D238D6-DE31-4EAC-AE3F-513A1DCA8721}.Debug|Any CPU.Build.0 = Debug|Any CPU
		{23D238D6-DE31-4EAC-AE3F-513A1DCA8721}.Release|Any CPU.ActiveCfg = Release|Any CPU
		{23D238D6-DE31-4EAC-AE3F-513A1DCA8721}.Release|Any CPU.Build.0 = Release|Any CPU
		{B875EAA7-E0E8-4021-BD1F-D1175ECDB9B9}.Debug|Any CPU.ActiveCfg = Debug|Any CPU
		{B875EAA7-E0E8-4021-BD1F-D1175ECDB9B9}.Debug|Any CPU.Build.0 = Debug|Any CPU
		{B875EAA7-E0E8-4021-BD1F-D1175ECDB9B9}.Release|Any CPU.ActiveCfg = Release|Any CPU
		{B875EAA7-E0E8-4021-BD1F-D1175ECDB9B9}.Release|Any CPU.Build.0 = Release|Any CPU
		{750C2434-6B66-42F1-8A74-BB500AB94C50}.Debug|Any CPU.ActiveCfg = Debug|Any CPU
		{750C2434-6B66-42F1-8A74-BB500AB94C50}.Debug|Any CPU.Build.0 = Debug|Any CPU
		{750C2434-6B66-42F1-8A74-BB500AB94C50}.Release|Any CPU.ActiveCfg = Release|Any CPU
		{750C2434-6B66-42F1-8A74-BB500AB94C50}.Release|Any CPU.Build.0 = Release|Any CPU
		{0A8DD7A0-3071-4673-824D-52CF2E8B348D}.Debug|Any CPU.ActiveCfg = Debug|Any CPU
		{0A8DD7A0-3071-4673-824D-52CF2E8B348D}.Debug|Any CPU.Build.0 = Debug|Any CPU
		{0A8DD7A0-3071-4673-824D-52CF2E8B348D}.Release|Any CPU.ActiveCfg = Release|Any CPU
		{0A8DD7A0-3071-4673-824D-52CF2E8B348D}.Release|Any CPU.Build.0 = Release|Any CPU
		{4DBE30AD-836A-43BE-998B-430545424803}.Debug|Any CPU.ActiveCfg = Debug|Any CPU
		{4DBE30AD-836A-43BE-998B-430545424803}.Debug|Any CPU.Build.0 = Debug|Any CPU
		{4DBE30AD-836A-43BE-998B-430545424803}.Release|Any CPU.ActiveCfg = Release|Any CPU
		{4DBE30AD-836A-43BE-998B-430545424803}.Release|Any CPU.Build.0 = Release|Any CPU
		{0C531632-DA29-4D85-B4AA-A66AB0D44620}.Debug|Any CPU.ActiveCfg = Debug|Any CPU
		{0C531632-DA29-4D85-B4AA-A66AB0D44620}.Debug|Any CPU.Build.0 = Debug|Any CPU
		{0C531632-DA29-4D85-B4AA-A66AB0D44620}.Release|Any CPU.ActiveCfg = Release|Any CPU
		{0C531632-DA29-4D85-B4AA-A66AB0D44620}.Release|Any CPU.Build.0 = Release|Any CPU
	EndGlobalSection
	GlobalSection(SolutionProperties) = preSolution
		HideSolutionNode = FALSE
	EndGlobalSection
	GlobalSection(NestedProjects) = preSolution
		{775F4A83-8B78-43F8-A240-404879919DA8} = {02EA681E-C7D8-13C7-8484-4AC65E1B71E8}
		{78A2683C-9F19-4238-97AA-12588F7D6CE7} = {02EA681E-C7D8-13C7-8484-4AC65E1B71E8}
		{B715DF09-48EE-496A-AF4D-BA83008C12F2} = {02EA681E-C7D8-13C7-8484-4AC65E1B71E8}
		{6F8CC834-9A69-4069-9114-49BEC95A0094} = {02EA681E-C7D8-13C7-8484-4AC65E1B71E8}
		{409289E0-CDDD-49C8-A214-9B629D678161} = {243558EB-F743-4AEC-B824-8B6CC47A9C0B}
		{F22C77E9-01E0-474A-A85A-6278DAABA8F4} = {243558EB-F743-4AEC-B824-8B6CC47A9C0B}
		{4A1FC530-D49B-453F-A98E-A5F7A971131E} = {243558EB-F743-4AEC-B824-8B6CC47A9C0B}
		{D406C987-BDF6-4C83-BC54-057FF8E771A1} = {243558EB-F743-4AEC-B824-8B6CC47A9C0B}
		{15722AC9-3B47-4291-A9C8-3AB0EEFBF746} = {243558EB-F743-4AEC-B824-8B6CC47A9C0B}
		{C32420AB-B927-4CAD-9325-6CBED41FF1E9} = {243558EB-F743-4AEC-B824-8B6CC47A9C0B}
		{402AD7B7-C4BE-4BEE-9C6E-EE71A9262A11} = {243558EB-F743-4AEC-B824-8B6CC47A9C0B}
		{239425DE-9BCA-4575-B1C4-A3AB7941CC88} = {243558EB-F743-4AEC-B824-8B6CC47A9C0B}
		{C50187A3-6F3B-427F-89E1-7B2C4E2B484B} = {775F4A83-8B78-43F8-A240-404879919DA8}
		{2AEC5E76-0CB2-46BF-AB85-97175CE0302B} = {78A2683C-9F19-4238-97AA-12588F7D6CE7}
		{1728E652-78B4-40EB-AE5F-27A006897ED9} = {B715DF09-48EE-496A-AF4D-BA83008C12F2}
		{2A85305F-ECFD-48E5-8109-3E0D96408DF4} = {6F8CC834-9A69-4069-9114-49BEC95A0094}
		{BAAC4404-B91F-4FDA-85BD-E17E16C6E8B4} = {243558EB-F743-4AEC-B824-8B6CC47A9C0B}
		{0A17E299-DCCB-401A-B151-AE42A132249C} = {BAAC4404-B91F-4FDA-85BD-E17E16C6E8B4}
		{B5AE3FBC-7794-42AE-B607-C664F1D749AD} = {BAAC4404-B91F-4FDA-85BD-E17E16C6E8B4}
		{F4BD0057-F86D-4047-9F40-30BCFEA8018E} = {BAAC4404-B91F-4FDA-85BD-E17E16C6E8B4}
		{4E9E517F-8452-4DCD-9A37-E95A1017DDBC} = {BAAC4404-B91F-4FDA-85BD-E17E16C6E8B4}
		{C696DE79-AD2E-44CB-9507-A502DF96B1F7} = {BAAC4404-B91F-4FDA-85BD-E17E16C6E8B4}
		{23D238D6-DE31-4EAC-AE3F-513A1DCA8721} = {0A17E299-DCCB-401A-B151-AE42A132249C}
		{B875EAA7-E0E8-4021-BD1F-D1175ECDB9B9} = {B5AE3FBC-7794-42AE-B607-C664F1D749AD}
		{750C2434-6B66-42F1-8A74-BB500AB94C50} = {C696DE79-AD2E-44CB-9507-A502DF96B1F7}
		{0A8DD7A0-3071-4673-824D-52CF2E8B348D} = {F4BD0057-F86D-4047-9F40-30BCFEA8018E}
		{4DBE30AD-836A-43BE-998B-430545424803} = {4E9E517F-8452-4DCD-9A37-E95A1017DDBC}
		{0C531632-DA29-4D85-B4AA-A66AB0D44620} = {B53FF10A-2B98-4CC7-98ED-3F6519BAC97F}
	EndGlobalSection
	GlobalSection(ExtensibilityGlobals) = postSolution
		SolutionGuid = {7191EC90-968B-4EA7-8751-3F9F1B46C72F}
	EndGlobalSection
EndGlobal
